PODS:
  - Capacitor (8.0.2):
    - CapacitorCordova
  - CapacitorApp (8.0.0):
    - Capacitor
  - CapacitorCordova (8.0.2)
  - CapacitorStatusBar (8.0.0):
    - Capacitor
  - CordovaPlugins (8.0.2):
    - CapacitorCordova

DEPENDENCIES:
  - "Capacitor (from `../../node_modules/@capacitor/ios`)"
  - "CapacitorApp (from `../../node_modules/@capacitor/app`)"
  - "CapacitorCordova (from `../../node_modules/@capacitor/ios`)"
  - "CapacitorStatusBar (from `../../node_modules/@capacitor/status-bar`)"
  - CordovaPlugins (from `../capacitor-cordova-ios-plugins`)

SPEC REPOS:
  https://github.com/CocoaPods/Specs.git:
    - DocumentReader
    - DocumentReaderFullAuthRFID
    - FaceCoreBasic
    - FaceSDK
    - IDVDocumentReader
    - IDVFaceSDK
    - IDVModule
    - IDVSDK
    - RegulaCommon

EXTERNAL SOURCES:
  Capacitor:
    :path: "../../node_modules/@capacitor/ios"
  CapacitorApp:
    :path: "../../node_modules/@capacitor/app"
  CapacitorCordova:
    :path: "../../node_modules/@capacitor/ios"
  CapacitorStatusBar:
    :path: "../../node_modules/@capacitor/status-bar"
  CordovaPlugins:
    :path: "../capacitor-cordova-ios-plugins"

SPEC CHECKSUMS:
  Capacitor: 2b79172ad27f3be2d103cce88b8eb9803fdcc744
  CapacitorApp: 3963a84197280757b84f126afd1520a85ae3b092
  CapacitorCordova: 921bdb690ebe82421b24fce45552fd3dea2ae43a
  CapacitorStatusBar: 312e2e67928dfe9514c4a8916a1fd610552f5f35
  CordovaPlugins: 7f5a9e789a8a2a94e03ada0b30c39133218f5f2a

PODFILE CHECKSUM: 37237f8392a5e6d203bec0893d4e0d5eab43f1ce

COCOAPODS: 1.16.2
